{"format_version":"1.0","provider_schemas":{"registry.terraform.io/fgouteroux/mimir":{"provider":{"version":0,"block":{"attributes":{"alertmanager_read_delay_after_change":{"type":"string","description":"When set, add a delay (time duration) to read the alertmanager config after a change.","description_kind":"plain","optional":true},"alertmanager_read_retry_after_change":{"type":"number","description":"Max retries to read the alertmanager config after a change.","description_kind":"plain","optional":true},"alertmanager_uri":{"type":"string","description":"mimir alertmanager base url","description_kind":"plain","optional":true},"ca":{"type":"string","description":"Client ca (filepath or inline) for TLS client authentication.","description_kind":"plain","optional":true},"cert":{"type":"string","description":"Client cert (filepath or inline) for TLS client authentication.","description_kind":"plain","optional":true},"debug":{"type":"bool","description":"Enable debug mode to trace requests executed.","description_kind":"plain","optional":true},"distributor_uri":{"type":"string","description":"mimir distributor base url","description_kind":"plain","optional":true},"format_promql_expr":{"type":"bool","description":"Enable the formatting of PromQL expression.","description_kind":"plain","optional":true},"headers":{"type":["map","string"],"description":"A map of header names and values to set on all outbound requests.","description_kind":"plain","optional":true},"insecure":{"type":"bool","description":"When using https, this disables TLS verification of the host.","description_kind":"plain","optional":true},"key":{"type":"string","description":"Client key (filepath or inline) for TLS client authentication.","description_kind":"plain","optional":true},"org_id":{"type":"string","description":"The default organization id to operate on within mimir. For resources that have an org_id attribute, the resource-level attribute has priority. May alternatively be set via the MIMIR_ORG_ID environment variable.","description_kind":"plain","required":true},"overwrite_alertmanager_config":{"type":"bool","description":"Overwrite the current alertmanager config on create.","description_kind":"plain","optional":true},"overwrite_rule_group_config":{"type":"bool","description":"Overwrite the current rule group (alerting/recording) config on create.","description_kind":"plain","optional":true},"password":{"type":"string","description":"When set, will use this password for BASIC auth to the API.","description_kind":"plain","optional":true},"proxy_url":{"type":"string","description":"URL to the proxy to be used for all API requests","description_kind":"plain","optional":true},"rule_group_read_delay_after_change":{"type":"string","description":"When set, add a delay (time duration) to read the rule group after a change.","description_kind":"plain","optional":true},"rule_group_read_retry_after_change":{"type":"number","description":"Max retries to read the rule group after a change.","description_kind":"plain","optional":true},"ruler_uri":{"type":"string","description":"mimir ruler base url","description_kind":"plain","optional":true},"timeout":{"type":"number","description":"When set, will cause requests taking longer than this time (in seconds) to be aborted.","description_kind":"plain","optional":true},"token":{"type":"string","description":"When set, will use this token for Bearer auth to the API.","description_kind":"plain","optional":true},"uri":{"type":"string","description":"mimir base url","description_kind":"plain","optional":true},"username":{"type":"string","description":"When set, will use this username for BASIC auth to the API.","description_kind":"plain","optional":true}},"description_kind":"plain"}},"resource_schemas":{"mimir_alertmanager_config":{"version":0,"block":{"attributes":{"id":{"type":"string","description_kind":"plain","optional":true,"computed":true},"org_id":{"type":"string","description":"The Organization ID. If not set, the Org ID defined in the provider block will be used.","description_kind":"plain","optional":true},"templates":{"type":["list","string"],"description":"A list of template names to use.","description_kind":"plain","optional":true},"templates_files":{"type":["map","string"],"description":"A map of key values string, where the key is the template name and the value the content of the template.","description_kind":"plain","optional":true}},"block_types":{"global":{"nesting_mode":"list","block":{"attributes":{"opsgenie_api_key":{"type":"string","description_kind":"plain","optional":true,"sensitive":true},"opsgenie_api_url":{"type":"string","description_kind":"plain","optional":true},"pagerduty_url":{"type":"string","description_kind":"plain","optional":true},"resolve_timeout":{"type":"string","description":"The time after which an alert is declared resolved if it has not been updated.","description_kind":"plain","optional":true},"slack_api_url":{"type":"string","description_kind":"plain","optional":true,"sensitive":true},"smtp_auth_identity":{"type":"string","description":"SMTP Auth using PLAIN.","description_kind":"plain","optional":true},"smtp_auth_password":{"type":"string","description":"SMTP Auth using LOGIN and PLAIN.","description_kind":"plain","optional":true,"sensitive":true},"smtp_auth_secret":{"type":"string","description":"SMTP Auth using CRAM-MD5.","description_kind":"plain","optional":true,"sensitive":true},"smtp_auth_username":{"type":"string","description":"SMTP Auth using CRAM-MD5, LOGIN and PLAIN. If empty, Alertmanager doesn't authenticate to the SMTP server.","description_kind":"plain","optional":true},"smtp_from":{"type":"string","description":"The default SMTP From header field.","description_kind":"plain","optional":true},"smtp_hello":{"type":"string","description":"The default hostname to identify to the SMTP server.","description_kind":"plain","optional":true},"smtp_require_tls":{"type":"bool","description":"The default SMTP TLS requirement.","description_kind":"plain","optional":true},"smtp_smarthost":{"type":"string","description":"The default SMTP smarthost used for sending emails, including port number.","description_kind":"plain","optional":true},"telegram_api_url":{"type":"string","description_kind":"plain","optional":true},"victorops_api_key":{"type":"string","description_kind":"plain","optional":true,"sensitive":true},"victorops_api_url":{"type":"string","description_kind":"plain","optional":true},"webex_api_url":{"type":"string","description_kind":"plain","optional":true},"wechat_api_corp_id":{"type":"string","description_kind":"plain","optional":true},"wechat_api_secret":{"type":"string","description_kind":"plain","optional":true,"sensitive":true},"wechat_api_url":{"type":"string","description_kind":"plain","optional":true}},"block_types":{"http_config":{"nesting_mode":"list","block":{"attributes":{"bearer_token":{"type":"string","description_kind":"plain","optional":true,"sensitive":true},"enable_http2":{"type":"bool","description":"Whether to enable HTTP2.","description_kind":"plain","optional":true},"follow_redirects":{"type":"bool","description":"Configure whether HTTP requests follow HTTP 3xx redirects.","description_kind":"plain","optional":true},"proxy_url":{"type":"string","description_kind":"plain","optional":true}},"block_types":{"authorization":{"nesting_mode":"list","block":{"attributes":{"credentials":{"type":"string","description":"Sets the credentials.","description_kind":"plain","optional":true,"sensitive":true},"type":{"type":"string","description":"Sets the authentication type.","description_kind":"plain","optional":true}},"description":"Set the `Authorization` header configuration.","description_kind":"plain"},"max_items":1},"basic_auth":{"nesting_mode":"list","block":{"attributes":{"password":{"type":"string","description_kind":"plain","optional":true,"sensitive":true},"username":{"type":"string","description_kind":"plain","optional":true}},"description":"Sets the `Authorization` header with the configured username and password.","description_kind":"plain"},"max_items":1},"oauth2":{"nesting_mode":"list","block":{"attributes":{"client_id":{"type":"string","description_kind":"plain","optional":true},"client_secret":{"type":"string","description_kind":"plain","optional":true,"sensitive":true},"endpoint_params":{"type":["map","string"],"description":"Parameters to append to the token URL.","description_kind":"plain","optional":true},"scopes":{"type":["list","string"],"description":"Scopes for the token request.","description_kind":"plain","optional":true},"token_url":{"type":"string","description":"The URL to fetch the token from.","description_kind":"plain","optional":true}},"block_types":{"tls_config":{"nesting_mode":"list","block":{"attributes":{"insecure_skip_verify":{"type":"bool","description":"Disable validation of the server certificate","description_kind":"plain","optional":true},"max_version":{"type":"string","description":"Maximum acceptable TLS version.","description_kind":"plain","optional":true},"min_version":{"type":"string","description":"Minimum acceptable TLS version","description_kind":"plain","optional":true},"server_name":{"type":"string","description":"ServerName extension to indicate the name of the server.","description_kind":"plain","optional":true}},"description":"Configures the TLS settings.","description_kind":"plain"},"max_items":1}},"description":"Set the OAuth 2.0 configuration.","description_kind":"plain"},"max_items":1},"tls_config":{"nesting_mode":"list","block":{"attributes":{"insecure_skip_verify":{"type":"bool","description":"Disable validation of the server certificate","description_kind":"plain","optional":true},"max_version":{"type":"string","description":"Maximum acceptable TLS version.","description_kind":"plain","optional":true},"min_version":{"type":"string","description":"Minimum acceptable TLS version","description_kind":"plain","optional":true},"server_name":{"type":"string","description":"ServerName extension to indicate the name of the server.","description_kind":"plain","optional":true}},"description":"Configures the TLS settings.","description_kind":"plain"},"max_items":1}},"description":"The default HTTP client configuration","description_kind":"plain"},"max_items":1}},"description_kind":"plain"},"max_items":1},"inhibit_rule":{"nesting_mode":"list","block":{"attributes":{"equal":{"type":["list","string"],"description":"Labels that must have an equal value in the source and target alert for the inhibition to take effect.","description_kind":"plain","optional":true},"source_matchers":{"type":["list","string"],"description":"A list of matchers for which one or more alerts have to exist for the inhibition to take effect.","description_kind":"plain","optional":true},"target_matchers":{"type":["list","string"],"description":"A list of matchers that have to be fulfilled by the target alerts to be muted.","description_kind":"plain","optional":true}},"description":"Mutes an alert (target) matching a set of matchers when an alert (source) exists that matches another set of matchers.","description_kind":"plain"}},"receiver":{"nesting_mode":"list","block":{"attributes":{"name":{"type":"string","description":"The time after which an alert is declared resolved if it has not been updated.","description_kind":"plain","required":true}},"block_types":{"discord_configs":{"nesting_mode":"list","block":{"attributes":{"message":{"type":"string","description":"Notification message.","description_kind":"plain","optional":true},"send_resolved":{"type":"bool","description":"Whether to notify about resolved alerts.","description_kind":"plain","optional":true},"title":{"type":"string","description":"Notification title.","description_kind":"plain","optional":true},"webhook_url":{"type":"string","description":"The webhook URL.","description_kind":"plain","optional":true}},"block_types":{"http_config":{"nesting_mode":"list","block":{"attributes":{"bearer_token":{"type":"string","description_kind":"plain","optional":true,"sensitive":true},"enable_http2":{"type":"bool","description":"Whether to enable HTTP2.","description_kind":"plain","optional":true},"follow_redirects":{"type":"bool","description":"Configure whether HTTP requests follow HTTP 3xx redirects.","description_kind":"plain","optional":true},"proxy_url":{"type":"string","description_kind":"plain","optional":true}},"block_types":{"authorization":{"nesting_mode":"list","block":{"attributes":{"credentials":{"type":"string","description":"Sets the credentials.","description_kind":"plain","optional":true,"sensitive":true},"type":{"type":"string","description":"Sets the authentication type.","description_kind":"plain","optional":true}},"description":"Set the `Authorization` header configuration.","description_kind":"plain"},"max_items":1},"basic_auth":{"nesting_mode":"list","block":{"attributes":{"password":{"type":"string","description_kind":"plain","optional":true,"sensitive":true},"username":{"type":"string","description_kind":"plain","optional":true}},"description":"Sets the `Authorization` header with the configured username and password.","description_kind":"plain"},"max_items":1},"oauth2":{"nesting_mode":"list","block":{"attributes":{"client_id":{"type":"string","description_kind":"plain","optional":true},"client_secret":{"type":"string","description_kind":"plain","optional":true,"sensitive":true},"endpoint_params":{"type":["map","string"],"description":"Parameters to append to the token URL.","description_kind":"plain","optional":true},"scopes":{"type":["list","string"],"description":"Scopes for the token request.","description_kind":"plain","optional":true},"token_url":{"type":"string","description":"The URL to fetch the token from.","description_kind":"plain","optional":true}},"block_types":{"tls_config":{"nesting_mode":"list","block":{"attributes":{"insecure_skip_verify":{"type":"bool","description":"Disable validation of the server certificate","description_kind":"plain","optional":true},"max_version":{"type":"string","description":"Maximum acceptable TLS version.","description_kind":"plain","optional":true},"min_version":{"type":"string","description":"Minimum acceptable TLS version","description_kind":"plain","optional":true},"server_name":{"type":"string","description":"ServerName extension to indicate the name of the server.","description_kind":"plain","optional":true}},"description":"Configures the TLS settings.","description_kind":"plain"},"max_items":1}},"description":"Set the OAuth 2.0 configuration.","description_kind":"plain"},"max_items":1},"tls_config":{"nesting_mode":"list","block":{"attributes":{"insecure_skip_verify":{"type":"bool","description":"Disable validation of the server certificate","description_kind":"plain","optional":true},"max_version":{"type":"string","description":"Maximum acceptable TLS version.","description_kind":"plain","optional":true},"min_version":{"type":"string","description":"Minimum acceptable TLS version","description_kind":"plain","optional":true},"server_name":{"type":"string","description":"ServerName extension to indicate the name of the server.","description_kind":"plain","optional":true}},"description":"Configures the TLS settings.","description_kind":"plain"},"max_items":1}},"description":"The HTTP client's configuration.","description_kind":"plain"},"max_items":1}},"description_kind":"plain"}},"email_configs":{"nesting_mode":"list","block":{"attributes":{"auth_identity":{"type":"string","description":"SMTP authentication identity.","description_kind":"plain","optional":true},"auth_password":{"type":"string","description":"SMTP authentication password.","description_kind":"plain","optional":true,"sensitive":true},"auth_secret":{"type":"string","description":"SMTP authentication secret.","description_kind":"plain","optional":true,"sensitive":true},"auth_username":{"type":"string","description":"SMTP authentication username.","description_kind":"plain","optional":true},"from":{"type":"string","description":"The sender's address.","description_kind":"plain","optional":true},"headers":{"type":["map","string"],"description":"Further headers email header key/value pairs. Overrides any headers previously set by the notification implementation.","description_kind":"plain","optional":true},"hello":{"type":"string","description":"The hostname to identify to the SMTP server.","description_kind":"plain","optional":true},"html":{"type":"string","description":"The HTML body of the email notification.","description_kind":"plain","optional":true},"require_tls":{"type":"bool","description":"The SMTP TLS requirement.","description_kind":"plain","optional":true},"send_resolved":{"type":"bool","description":"Whether to notify about resolved alerts.","description_kind":"plain","optional":true},"smarthost":{"type":"string","description":"The SMTP host through which emails are sent.","description_kind":"plain","optional":true},"text":{"type":"string","description":"The text body of the email notification.","description_kind":"plain","optional":true},"to":{"type":"string","description":"The email address to send notifications to.","description_kind":"plain","optional":true}},"block_types":{"tls_config":{"nesting_mode":"list","block":{"attributes":{"insecure_skip_verify":{"type":"bool","description":"Disable validation of the server certificate","description_kind":"plain","optional":true},"max_version":{"type":"string","description":"Maximum acceptable TLS version.","description_kind":"plain","optional":true},"min_version":{"type":"string","description":"Minimum acceptable TLS version","description_kind":"plain","optional":true},"server_name":{"type":"string","description":"ServerName extension to indicate the name of the server.","description_kind":"plain","optional":true}},"description":"The SMTP TLS configuration.","description_kind":"plain"},"max_items":1}},"description_kind":"plain"}},"msteams_configs":{"nesting_mode":"list","block":{"attributes":{"send_resolved":{"type":"bool","description":"Whether to notify about resolved alerts.","description_kind":"plain","optional":true},"summary":{"type":"string","description":"Message summary template.","description_kind":"plain","optional":true},"text":{"type":"string","description":"Message body template.","description_kind":"plain","optional":true},"title":{"type":"string","description":"Message title template.","description_kind":"plain","optional":true},"webhook_url":{"type":"string","description":"The incoming webhook URL.","description_kind":"plain","optional":true}},"block_types":{"http_config":{"nesting_mode":"list","block":{"attributes":{"bearer_token":{"type":"string","description_kind":"plain","optional":true,"sensitive":true},"enable_http2":{"type":"bool","description":"Whether to enable HTTP2.","description_kind":"plain","optional":true},"follow_redirects":{"type":"bool","description":"Configure whether HTTP requests follow HTTP 3xx redirects.","description_kind":"plain","optional":true},"proxy_url":{"type":"string","description_kind":"plain","optional":true}},"block_types":{"authorization":{"nesting_mode":"list","block":{"attributes":{"credentials":{"type":"string","description":"Sets the credentials.","description_kind":"plain","optional":true,"sensitive":true},"type":{"type":"string","description":"Sets the authentication type.","description_kind":"plain","optional":true}},"description":"Set the `Authorization` header configuration.","description_kind":"plain"},"max_items":1},"basic_auth":{"nesting_mode":"list","block":{"attributes":{"password":{"type":"string","description_kind":"plain","optional":true,"sensitive":true},"username":{"type":"string","description_kind":"plain","optional":true}},"description":"Sets the `Authorization` header with the configured username and password.","description_kind":"plain"},"max_items":1},"oauth2":{"nesting_mode":"list","block":{"attributes":{"client_id":{"type":"string","description_kind":"plain","optional":true},"client_secret":{"type":"string","description_kind":"plain","optional":true,"sensitive":true},"endpoint_params":{"type":["map","string"],"description":"Parameters to append to the token URL.","description_kind":"plain","optional":true},"scopes":{"type":["list","string"],"description":"Scopes for the token request.","description_kind":"plain","optional":true},"token_url":{"type":"string","description":"The URL to fetch the token from.","description_kind":"plain","optional":true}},"block_types":{"tls_config":{"nesting_mode":"list","block":{"attributes":{"insecure_skip_verify":{"type":"bool","description":"Disable validation of the server certificate","description_kind":"plain","optional":true},"max_version":{"type":"string","description":"Maximum acceptable TLS version.","description_kind":"plain","optional":true},"min_version":{"type":"string","description":"Minimum acceptable TLS version","description_kind":"plain","optional":true},"server_name":{"type":"string","description":"ServerName extension to indicate the name of the server.","description_kind":"plain","optional":true}},"description":"Configures the TLS settings.","description_kind":"plain"},"max_items":1}},"description":"Set the OAuth 2.0 configuration.","description_kind":"plain"},"max_items":1},"tls_config":{"nesting_mode":"list","block":{"attributes":{"insecure_skip_verify":{"type":"bool","description":"Disable validation of the server certificate","description_kind":"plain","optional":true},"max_version":{"type":"string","description":"Maximum acceptable TLS version.","description_kind":"plain","optional":true},"min_version":{"type":"string","description":"Minimum acceptable TLS version","description_kind":"plain","optional":true},"server_name":{"type":"string","description":"ServerName extension to indicate the name of the server.","description_kind":"plain","optional":true}},"description":"Configures the TLS settings.","description_kind":"plain"},"max_items":1}},"description":"The HTTP client's configuration.","description_kind":"plain"},"max_items":1}},"description_kind":"plain"}},"opsgenie_configs":{"nesting_mode":"list","block":{"attributes":{"actions":{"type":"string","description":"Comma separated list of actions that will be available for the alert.","description_kind":"plain","optional":true},"api_key":{"type":"string","description":"The API key to use when talking to the OpsGenie API.","description_kind":"plain","optional":true,"sensitive":true},"api_url":{"type":"string","description":"The host to send OpsGenie API requests to.","description_kind":"plain","optional":true},"description":{"type":"string","description":"A description of the alert.","description_kind":"plain","optional":true},"details":{"type":["map","string"],"description":"A set of arbitrary key/value pairs that provide further detail about the alert. All common labels are included as details by default.","description_kind":"plain","optional":true},"entity":{"type":"string","description":"Optional field that can be used to specify which domain alert is related to.","description_kind":"plain","optional":true},"message":{"type":"string","description":"Alert text limited to 130 characters.","description_kind":"plain","optional":true},"note":{"type":"string","description":"Additional alert note.","description_kind":"plain","optional":true},"priority":{"type":"string","description":"Priority level of alert. Possible values are P1, P2, P3, P4, and P5.","description_kind":"plain","optional":true},"send_resolved":{"type":"bool","description":"Whether to notify about resolved alerts.","description_kind":"plain","optional":true},"source":{"type":"string","description":"A backlink to the sender of the notification.","description_kind":"plain","optional":true},"tags":{"type":"string","description":"Comma separated list of tags attached to the notifications.","description_kind":"plain","optional":true},"update_alerts":{"type":"bool","description":"Whether to update message and description of the alert in OpsGenie if it already exists. By default, the alert is never updated in OpsGenie, the new message only appears in activity log.","description_kind":"plain","optional":true}},"block_types":{"http_config":{"nesting_mode":"list","block":{"attributes":{"bearer_token":{"type":"string","description_kind":"plain","optional":true,"sensitive":true},"enable_http2":{"type":"bool","description":"Whether to enable HTTP2.","description_kind":"plain","optional":true},"follow_redirects":{"type":"bool","description":"Configure whether HTTP requests follow HTTP 3xx redirects.","description_kind":"plain","optional":true},"proxy_url":{"type":"string","description_kind":"plain","optional":true}},"block_types":{"authorization":{"nesting_mode":"list","block":{"attributes":{"credentials":{"type":"string","description":"Sets the credentials.","description_kind":"plain","optional":true,"sensitive":true},"type":{"type":"string","description":"Sets the authentication type.","description_kind":"plain","optional":true}},"description":"Set the `Authorization` header configuration.","description_kind":"plain"},"max_items":1},"basic_auth":{"nesting_mode":"list","block":{"attributes":{"password":{"type":"string","description_kind":"plain","optional":true,"sensitive":true},"username":{"type":"string","description_kind":"plain","optional":true}},"description":"Sets the `Authorization` header with the configured username and password.","description_kind":"plain"},"max_items":1},"oauth2":{"nesting_mode":"list","block":{"attributes":{"client_id":{"type":"string","description_kind":"plain","optional":true},"client_secret":{"type":"string","description_kind":"plain","optional":true,"sensitive":true},"endpoint_params":{"type":["map","string"],"description":"Parameters to append to the token URL.","description_kind":"plain","optional":true},"scopes":{"type":["list","string"],"description":"Scopes for the token request.","description_kind":"plain","optional":true},"token_url":{"type":"string","description":"The URL to fetch the token from.","description_kind":"plain","optional":true}},"block_types":{"tls_config":{"nesting_mode":"list","block":{"attributes":{"insecure_skip_verify":{"type":"bool","description":"Disable validation of the server certificate","description_kind":"plain","optional":true},"max_version":{"type":"string","description":"Maximum acceptable TLS version.","description_kind":"plain","optional":true},"min_version":{"type":"string","description":"Minimum acceptable TLS version","description_kind":"plain","optional":true},"server_name":{"type":"string","description":"ServerName extension to indicate the name of the server.","description_kind":"plain","optional":true}},"description":"Configures the TLS settings.","description_kind":"plain"},"max_items":1}},"description":"Set the OAuth 2.0 configuration.","description_kind":"plain"},"max_items":1},"tls_config":{"nesting_mode":"list","block":{"attributes":{"insecure_skip_verify":{"type":"bool","description":"Disable validation of the server certificate","description_kind":"plain","optional":true},"max_version":{"type":"string","description":"Maximum acceptable TLS version.","description_kind":"plain","optional":true},"min_version":{"type":"string","description":"Minimum acceptable TLS version","description_kind":"plain","optional":true},"server_name":{"type":"string","description":"ServerName extension to indicate the name of the server.","description_kind":"plain","optional":true}},"description":"Configures the TLS settings.","description_kind":"plain"},"max_items":1}},"description":"The HTTP client's configuration.","description_kind":"plain"},"max_items":1},"responders":{"nesting_mode":"list","block":{"attributes":{"id":{"type":"string","description_kind":"plain","optional":true},"name":{"type":"string","description_kind":"plain","optional":true},"type":{"type":"string","description_kind":"plain","optional":true},"username":{"type":"string","description_kind":"plain","optional":true}},"description":"List of responders responsible for notifications.","description_kind":"plain"}}},"description_kind":"plain"}},"pagerduty_configs":{"nesting_mode":"list","block":{"attributes":{"class":{"type":"string","description":"The class/type of the event.","description_kind":"plain","optional":true},"client":{"type":"string","description":"The client identification of the Alertmanager.","description_kind":"plain","optional":true},"client_url":{"type":"string","description":"A backlink to the sender of the notification.","description_kind":"plain","optional":true},"component":{"type":"string","description":"The part or component of the affected system that is broken.","description_kind":"plain","optional":true},"description":{"type":"string","description":"A description of the incident.","description_kind":"plain","optional":true},"details":{"type":["map","string"],"description":"A set of arbitrary key/value pairs that provide further detail about the incident.","description_kind":"plain","optional":true},"group":{"type":"string","description":"A cluster or grouping of sources.","description_kind":"plain","optional":true},"routing_key":{"type":"string","description":"The PagerDuty integration key (when using PagerDuty integration type `Events API v2`).","description_kind":"plain","optional":true,"sensitive":true},"send_resolved":{"type":"bool","description":"Whether to notify about resolved alerts.","description_kind":"plain","optional":true},"service_key":{"type":"string","description":"The PagerDuty integration key (when using PagerDuty integration type `Prometheus`).","description_kind":"plain","optional":true,"sensitive":true},"severity":{"type":"string","description":"Severity of the incident.","description_kind":"plain","optional":true},"url":{"type":"string","description":"The URL to send API requests to","description_kind":"plain","optional":true}},"block_types":{"http_config":{"nesting_mode":"list","block":{"attributes":{"bearer_token":{"type":"string","description_kind":"plain","optional":true,"sensitive":true},"enable_http2":{"type":"bool","description":"Whether to enable HTTP2.","description_kind":"plain","optional":true},"follow_redirects":{"type":"bool","description":"Configure whether HTTP requests follow HTTP 3xx redirects.","description_kind":"plain","optional":true},"proxy_url":{"type":"string","description_kind":"plain","optional":true}},"block_types":{"authorization":{"nesting_mode":"list","block":{"attributes":{"credentials":{"type":"string","description":"Sets the credentials.","description_kind":"plain","optional":true,"sensitive":true},"type":{"type":"string","description":"Sets the authentication type.","description_kind":"plain","optional":true}},"description":"Set the `Authorization` header configuration.","description_kind":"plain"},"max_items":1},"basic_auth":{"nesting_mode":"list","block":{"attributes":{"password":{"type":"string","description_kind":"plain","optional":true,"sensitive":true},"username":{"type":"string","description_kind":"plain","optional":true}},"description":"Sets the `Authorization` header with the configured username and password.","description_kind":"plain"},"max_items":1},"oauth2":{"nesting_mode":"list","block":{"attributes":{"client_id":{"type":"string","description_kind":"plain","optional":true},"client_secret":{"type":"string","description_kind":"plain","optional":true,"sensitive":true},"endpoint_params":{"type":["map","string"],"description":"Parameters to append to the token URL.","description_kind":"plain","optional":true},"scopes":{"type":["list","string"],"description":"Scopes for the token request.","description_kind":"plain","optional":true},"token_url":{"type":"string","description":"The URL to fetch the token from.","description_kind":"plain","optional":true}},"block_types":{"tls_config":{"nesting_mode":"list","block":{"attributes":{"insecure_skip_verify":{"type":"bool","description":"Disable validation of the server certificate","description_kind":"plain","optional":true},"max_version":{"type":"string","description":"Maximum acceptable TLS version.","description_kind":"plain","optional":true},"min_version":{"type":"string","description":"Minimum acceptable TLS version","description_kind":"plain","optional":true},"server_name":{"type":"string","description":"ServerName extension to indicate the name of the server.","description_kind":"plain","optional":true}},"description":"Configures the TLS settings.","description_kind":"plain"},"max_items":1}},"description":"Set the OAuth 2.0 configuration.","description_kind":"plain"},"max_items":1},"tls_config":{"nesting_mode":"list","block":{"attributes":{"insecure_skip_verify":{"type":"bool","description":"Disable validation of the server certificate","description_kind":"plain","optional":true},"max_version":{"type":"string","description":"Maximum acceptable TLS version.","description_kind":"plain","optional":true},"min_version":{"type":"string","description":"Minimum acceptable TLS version","description_kind":"plain","optional":true},"server_name":{"type":"string","description":"ServerName extension to indicate the name of the server.","description_kind":"plain","optional":true}},"description":"Configures the TLS settings.","description_kind":"plain"},"max_items":1}},"description":"The HTTP client's configuration.","description_kind":"plain"},"max_items":1},"images":{"nesting_mode":"list","block":{"attributes":{"alt":{"type":"string","description_kind":"plain","optional":true},"href":{"type":"string","description_kind":"plain","optional":true},"src":{"type":"string","description_kind":"plain","optional":true}},"description":"Images to attach to the incident.","description_kind":"plain"}},"links":{"nesting_mode":"list","block":{"attributes":{"href":{"type":"string","description_kind":"plain","optional":true},"text":{"type":"string","description_kind":"plain","optional":true}},"description":"Links to attach to the incident.","description_kind":"plain"}}},"description_kind":"plain"}},"pushover_configs":{"nesting_mode":"list","block":{"attributes":{"expire":{"type":"string","description":"How long your notification will continue to be retried for, unless the user acknowledges the notification.","description_kind":"plain","optional":true},"html":{"type":"bool","description_kind":"plain","optional":true},"message":{"type":"string","description":"Notification message.","description_kind":"plain","optional":true},"priority":{"type":"string","description_kind":"plain","optional":true},"retry":{"type":"string","description":"How often the Pushover servers will send the same notification to the user.","description_kind":"plain","optional":true},"send_resolved":{"type":"bool","description":"Whether to notify about resolved alerts.","description_kind":"plain","optional":true},"sound":{"type":"string","description_kind":"plain","optional":true},"title":{"type":"string","description":"Notification title.","description_kind":"plain","optional":true},"token":{"type":"string","description":"The registered application's API token.","description_kind":"plain","optional":true},"url":{"type":"string","description":" A supplementary URL shown alongside the message.","description_kind":"plain","optional":true},"url_title":{"type":"string","description_kind":"plain","optional":true},"user_key":{"type":"string","description":"The recipient user's user key.","description_kind":"plain","optional":true}},"block_types":{"http_config":{"nesting_mode":"list","block":{"attributes":{"bearer_token":{"type":"string","description_kind":"plain","optional":true,"sensitive":true},"enable_http2":{"type":"bool","description":"Whether to enable HTTP2.","description_kind":"plain","optional":true},"follow_redirects":{"type":"bool","description":"Configure whether HTTP requests follow HTTP 3xx redirects.","description_kind":"plain","optional":true},"proxy_url":{"type":"string","description_kind":"plain","optional":true}},"block_types":{"authorization":{"nesting_mode":"list","block":{"attributes":{"credentials":{"type":"string","description":"Sets the credentials.","description_kind":"plain","optional":true,"sensitive":true},"type":{"type":"string","description":"Sets the authentication type.","description_kind":"plain","optional":true}},"description":"Set the `Authorization` header configuration.","description_kind":"plain"},"max_items":1},"basic_auth":{"nesting_mode":"list","block":{"attributes":{"password":{"type":"string","description_kind":"plain","optional":true,"sensitive":true},"username":{"type":"string","description_kind":"plain","optional":true}},"description":"Sets the `Authorization` header with the configured username and password.","description_kind":"plain"},"max_items":1},"oauth2":{"nesting_mode":"list","block":{"attributes":{"client_id":{"type":"string","description_kind":"plain","optional":true},"client_secret":{"type":"string","description_kind":"plain","optional":true,"sensitive":true},"endpoint_params":{"type":["map","string"],"description":"Parameters to append to the token URL.","description_kind":"plain","optional":true},"scopes":{"type":["list","string"],"description":"Scopes for the token request.","description_kind":"plain","optional":true},"token_url":{"type":"string","description":"The URL to fetch the token from.","description_kind":"plain","optional":true}},"block_types":{"tls_config":{"nesting_mode":"list","block":{"attributes":{"insecure_skip_verify":{"type":"bool","description":"Disable validation of the server certificate","description_kind":"plain","optional":true},"max_version":{"type":"string","description":"Maximum acceptable TLS version.","description_kind":"plain","optional":true},"min_version":{"type":"string","description":"Minimum acceptable TLS version","description_kind":"plain","optional":true},"server_name":{"type":"string","description":"ServerName extension to indicate the name of the server.","description_kind":"plain","optional":true}},"description":"Configures the TLS settings.","description_kind":"plain"},"max_items":1}},"description":"Set the OAuth 2.0 configuration.","description_kind":"plain"},"max_items":1},"tls_config":{"nesting_mode":"list","block":{"attributes":{"insecure_skip_verify":{"type":"bool","description":"Disable validation of the server certificate","description_kind":"plain","optional":true},"max_version":{"type":"string","description":"Maximum acceptable TLS version.","description_kind":"plain","optional":true},"min_version":{"type":"string","description":"Minimum acceptable TLS version","description_kind":"plain","optional":true},"server_name":{"type":"string","description":"ServerName extension to indicate the name of the server.","description_kind":"plain","optional":true}},"description":"Configures the TLS settings.","description_kind":"plain"},"max_items":1}},"description":"The HTTP client's configuration.","description_kind":"plain"},"max_items":1}},"description_kind":"plain"}},"slack_configs":{"nesting_mode":"list","block":{"attributes":{"api_url":{"type":"string","description":"The Slack webhook URL. Defaults to global settings if none are set here.","description_kind":"plain","optional":true},"callback_id":{"type":"string","description_kind":"plain","optional":true},"channel":{"type":"string","description":"The channel or user to send notifications to.","description_kind":"plain","optional":true},"color":{"type":"string","description_kind":"plain","optional":true},"fallback":{"type":"string","description_kind":"plain","optional":true},"footer":{"type":"string","description_kind":"plain","optional":true},"icon_emoji":{"type":"string","description_kind":"plain","optional":true},"icon_url":{"type":"string","description_kind":"plain","optional":true},"image_url":{"type":"string","description_kind":"plain","optional":true},"link_names":{"type":"bool","description_kind":"plain","optional":true},"mrkdwn_in":{"type":["list","string"],"description_kind":"plain","optional":true},"pretext":{"type":"string","description_kind":"plain","optional":true},"send_resolved":{"type":"bool","description":"Whether to notify about resolved alerts.","description_kind":"plain","optional":true},"short_fields":{"type":"bool","description_kind":"plain","optional":true},"text":{"type":"string","description_kind":"plain","optional":true},"thumb_url":{"type":"string","description_kind":"plain","optional":true},"title":{"type":"string","description_kind":"plain","optional":true},"title_link":{"type":"string","description_kind":"plain","optional":true},"username":{"type":"string","description_kind":"plain","optional":true}},"block_types":{"actions":{"nesting_mode":"list","block":{"attributes":{"name":{"type":"string","description_kind":"plain","optional":true},"style":{"type":"string","description_kind":"plain","optional":true},"text":{"type":"string","description_kind":"plain","optional":true},"type":{"type":"string","description_kind":"plain","optional":true},"url":{"type":"string","description_kind":"plain","optional":true},"value":{"type":"string","description_kind":"plain","optional":true}},"block_types":{"confirm":{"nesting_mode":"list","block":{"attributes":{"dismiss_text":{"type":"string","description_kind":"plain","optional":true},"ok_text":{"type":"string","description_kind":"plain","optional":true},"text":{"type":"string","description_kind":"plain","optional":true},"title":{"type":"string","description_kind":"plain","optional":true}},"description_kind":"plain"},"max_items":1}},"description_kind":"plain"}},"fields":{"nesting_mode":"list","block":{"attributes":{"short":{"type":"bool","description_kind":"plain","optional":true},"title":{"type":"string","description_kind":"plain","optional":true},"value":{"type":"string","description_kind":"plain","optional":true}},"description_kind":"plain"}},"http_config":{"nesting_mode":"list","block":{"attributes":{"bearer_token":{"type":"string","description_kind":"plain","optional":true,"sensitive":true},"enable_http2":{"type":"bool","description":"Whether to enable HTTP2.","description_kind":"plain","optional":true},"follow_redirects":{"type":"bool","description":"Configure whether HTTP requests follow HTTP 3xx redirects.","description_kind":"plain","optional":true},"proxy_url":{"type":"string","description_kind":"plain","optional":true}},"block_types":{"authorization":{"nesting_mode":"list","block":{"attributes":{"credentials":{"type":"string","description":"Sets the credentials.","description_kind":"plain","optional":true,"sensitive":true},"type":{"type":"string","description":"Sets the authentication type.","description_kind":"plain","optional":true}},"description":"Set the `Authorization` header configuration.","description_kind":"plain"},"max_items":1},"basic_auth":{"nesting_mode":"list","block":{"attributes":{"password":{"type":"string","description_kind":"plain","optional":true,"sensitive":true},"username":{"type":"string","description_kind":"plain","optional":true}},"description":"Sets the `Authorization` header with the configured username and password.","description_kind":"plain"},"max_items":1},"oauth2":{"nesting_mode":"list","block":{"attributes":{"client_id":{"type":"string","description_kind":"plain","optional":true},"client_secret":{"type":"string","description_kind":"plain","optional":true,"sensitive":true},"endpoint_params":{"type":["map","string"],"description":"Parameters to append to the token URL.","description_kind":"plain","optional":true},"scopes":{"type":["list","string"],"description":"Scopes for the token request.","description_kind":"plain","optional":true},"token_url":{"type":"string","description":"The URL to fetch the token from.","description_kind":"plain","optional":true}},"block_types":{"tls_config":{"nesting_mode":"list","block":{"attributes":{"insecure_skip_verify":{"type":"bool","description":"Disable validation of the server certificate","description_kind":"plain","optional":true},"max_version":{"type":"string","description":"Maximum acceptable TLS version.","description_kind":"plain","optional":true},"min_version":{"type":"string","description":"Minimum acceptable TLS version","description_kind":"plain","optional":true},"server_name":{"type":"string","description":"ServerName extension to indicate the name of the server.","description_kind":"plain","optional":true}},"description":"Configures the TLS settings.","description_kind":"plain"},"max_items":1}},"description":"Set the OAuth 2.0 configuration.","description_kind":"plain"},"max_items":1},"tls_config":{"nesting_mode":"list","block":{"attributes":{"insecure_skip_verify":{"type":"bool","description":"Disable validation of the server certificate","description_kind":"plain","optional":true},"max_version":{"type":"string","description":"Maximum acceptable TLS version.","description_kind":"plain","optional":true},"min_version":{"type":"string","description":"Minimum acceptable TLS version","description_kind":"plain","optional":true},"server_name":{"type":"string","description":"ServerName extension to indicate the name of the server.","description_kind":"plain","optional":true}},"description":"Configures the TLS settings.","description_kind":"plain"},"max_items":1}},"description":"The HTTP client's configuration.","description_kind":"plain"},"max_items":1}},"description_kind":"plain"}},"sns_configs":{"nesting_mode":"list","block":{"attributes":{"api_url":{"type":"string","description":"The SNS API URL. If not specified, the SNS API URL from the SNS SDK will be used.","description_kind":"plain","optional":true},"attributes":{"type":["map","string"],"description":"SNS message attributes.","description_kind":"plain","optional":true},"message":{"type":"string","description":"The message content of the SNS notification.","description_kind":"plain","optional":true},"phone_number":{"type":"string","description":"Phone number if message is delivered via SMS in E.164 format.","description_kind":"plain","optional":true},"send_resolved":{"type":"bool","description":"Whether to notify about resolved alerts.","description_kind":"plain","optional":true},"subject":{"type":"string","description":"Subject line when the message is delivered to email endpoints.","description_kind":"plain","optional":true},"target_arn":{"type":"string","description":"The mobile platform endpoint ARN if message is delivered via mobile notifications.","description_kind":"plain","optional":true},"topic_arn":{"type":"string","description":"SNS topic ARN. If not set, a value for the phone_number or target_arn should be set.","description_kind":"plain","optional":true}},"block_types":{"http_config":{"nesting_mode":"list","block":{"attributes":{"bearer_token":{"type":"string","description_kind":"plain","optional":true,"sensitive":true},"enable_http2":{"type":"bool","description":"Whether to enable HTTP2.","description_kind":"plain","optional":true},"follow_redirects":{"type":"bool","description":"Configure whether HTTP requests follow HTTP 3xx redirects.","description_kind":"plain","optional":true},"proxy_url":{"type":"string","description_kind":"plain","optional":true}},"block_types":{"authorization":{"nesting_mode":"list","block":{"attributes":{"credentials":{"type":"string","description":"Sets the credentials.","description_kind":"plain","optional":true,"sensitive":true},"type":{"type":"string","description":"Sets the authentication type.","description_kind":"plain","optional":true}},"description":"Set the `Authorization` header configuration.","description_kind":"plain"},"max_items":1},"basic_auth":{"nesting_mode":"list","block":{"attributes":{"password":{"type":"string","description_kind":"plain","optional":true,"sensitive":true},"username":{"type":"string","description_kind":"plain","optional":true}},"description":"Sets the `Authorization` header with the configured username and password.","description_kind":"plain"},"max_items":1},"oauth2":{"nesting_mode":"list","block":{"attributes":{"client_id":{"type":"string","description_kind":"plain","optional":true},"client_secret":{"type":"string","description_kind":"plain","optional":true,"sensitive":true},"endpoint_params":{"type":["map","string"],"description":"Parameters to append to the token URL.","description_kind":"plain","optional":true},"scopes":{"type":["list","string"],"description":"Scopes for the token request.","description_kind":"plain","optional":true},"token_url":{"type":"string","description":"The URL to fetch the token from.","description_kind":"plain","optional":true}},"block_types":{"tls_config":{"nesting_mode":"list","block":{"attributes":{"insecure_skip_verify":{"type":"bool","description":"Disable validation of the server certificate","description_kind":"plain","optional":true},"max_version":{"type":"string","description":"Maximum acceptable TLS version.","description_kind":"plain","optional":true},"min_version":{"type":"string","description":"Minimum acceptable TLS version","description_kind":"plain","optional":true},"server_name":{"type":"string","description":"ServerName extension to indicate the name of the server.","description_kind":"plain","optional":true}},"description":"Configures the TLS settings.","description_kind":"plain"},"max_items":1}},"description":"Set the OAuth 2.0 configuration.","description_kind":"plain"},"max_items":1},"tls_config":{"nesting_mode":"list","block":{"attributes":{"insecure_skip_verify":{"type":"bool","description":"Disable validation of the server certificate","description_kind":"plain","optional":true},"max_version":{"type":"string","description":"Maximum acceptable TLS version.","description_kind":"plain","optional":true},"min_version":{"type":"string","description":"Minimum acceptable TLS version","description_kind":"plain","optional":true},"server_name":{"type":"string","description":"ServerName extension to indicate the name of the server.","description_kind":"plain","optional":true}},"description":"Configures the TLS settings.","description_kind":"plain"},"max_items":1}},"description":"The HTTP client's configuration.","description_kind":"plain"},"max_items":1},"sigv4":{"nesting_mode":"list","block":{"attributes":{"access_key":{"type":"string","description_kind":"plain","optional":true,"sensitive":true},"profile":{"type":"string","description":"Named AWS profile used to authenticate.","description_kind":"plain","optional":true},"region":{"type":"string","description":"The AWS region. If blank, the region from the default credentials chain is used.","description_kind":"plain","optional":true},"role_arn":{"type":"string","description":"AWS Role ARN, an alternative to using AWS API keys.","description_kind":"plain","optional":true},"secret_key":{"type":"string","description_kind":"plain","optional":true,"sensitive":true}},"description":"Configures AWS's Signature Verification 4 signing process to sign requests.","description_kind":"plain"},"max_items":1}},"description_kind":"plain"}},"telegram_configs":{"nesting_mode":"list","block":{"attributes":{"api_url":{"type":"string","description":"The Telegram API URL. If not specified, default API URL will be used.","description_kind":"plain","optional":true},"bot_token":{"type":"string","description":"Telegram bot token","description_kind":"plain","optional":true,"sensitive":true},"chat_id":{"type":"number","description":"ID of the chat where to send the messages.","description_kind":"plain","optional":true},"disable_notifications":{"type":"bool","description":"Disable telegram notifications","description_kind":"plain","optional":true},"message":{"type":"string","description":"Message template","description_kind":"plain","optional":true},"parse_mode":{"type":"string","description":"Parse mode for telegram message, supported values are MarkdownV2, Markdown, HTML and empty string for plain text.","description_kind":"plain","optional":true},"send_resolved":{"type":"bool","description":"Whether to notify about resolved alerts.","description_kind":"plain","optional":true}},"block_types":{"http_config":{"nesting_mode":"list","block":{"attributes":{"bearer_token":{"type":"string","description_kind":"plain","optional":true,"sensitive":true},"enable_http2":{"type":"bool","description":"Whether to enable HTTP2.","description_kind":"plain","optional":true},"follow_redirects":{"type":"bool","description":"Configure whether HTTP requests follow HTTP 3xx redirects.","description_kind":"plain","optional":true},"proxy_url":{"type":"string","description_kind":"plain","optional":true}},"block_types":{"authorization":{"nesting_mode":"list","block":{"attributes":{"credentials":{"type":"string","description":"Sets the credentials.","description_kind":"plain","optional":true,"sensitive":true},"type":{"type":"string","description":"Sets the authentication type.","description_kind":"plain","optional":true}},"description":"Set the `Authorization` header configuration.","description_kind":"plain"},"max_items":1},"basic_auth":{"nesting_mode":"list","block":{"attributes":{"password":{"type":"string","description_kind":"plain","optional":true,"sensitive":true},"username":{"type":"string","description_kind":"plain","optional":true}},"description":"Sets the `Authorization` header with the configured username and password.","description_kind":"plain"},"max_items":1},"oauth2":{"nesting_mode":"list","block":{"attributes":{"client_id":{"type":"string","description_kind":"plain","optional":true},"client_secret":{"type":"string","description_kind":"plain","optional":true,"sensitive":true},"endpoint_params":{"type":["map","string"],"description":"Parameters to append to the token URL.","description_kind":"plain","optional":true},"scopes":{"type":["list","string"],"description":"Scopes for the token request.","description_kind":"plain","optional":true},"token_url":{"type":"string","description":"The URL to fetch the token from.","description_kind":"plain","optional":true}},"block_types":{"tls_config":{"nesting_mode":"list","block":{"attributes":{"insecure_skip_verify":{"type":"bool","description":"Disable validation of the server certificate","description_kind":"plain","optional":true},"max_version":{"type":"string","description":"Maximum acceptable TLS version.","description_kind":"plain","optional":true},"min_version":{"type":"string","description":"Minimum acceptable TLS version","description_kind":"plain","optional":true},"server_name":{"type":"string","description":"ServerName extension to indicate the name of the server.","description_kind":"plain","optional":true}},"description":"Configures the TLS settings.","description_kind":"plain"},"max_items":1}},"description":"Set the OAuth 2.0 configuration.","description_kind":"plain"},"max_items":1},"tls_config":{"nesting_mode":"list","block":{"attributes":{"insecure_skip_verify":{"type":"bool","description":"Disable validation of the server certificate","description_kind":"plain","optional":true},"max_version":{"type":"string","description":"Maximum acceptable TLS version.","description_kind":"plain","optional":true},"min_version":{"type":"string","description":"Minimum acceptable TLS version","description_kind":"plain","optional":true},"server_name":{"type":"string","description":"ServerName extension to indicate the name of the server.","description_kind":"plain","optional":true}},"description":"Configures the TLS settings.","description_kind":"plain"},"max_items":1}},"description":"The HTTP client's configuration.","description_kind":"plain"},"max_items":1}},"description_kind":"plain"}},"victorops_configs":{"nesting_mode":"list","block":{"attributes":{"api_key":{"type":"string","description":"The API key to use when talking to the VictorOps API.","description_kind":"plain","optional":true,"sensitive":true},"api_url":{"type":"string","description":"The VictorOps API URL.","description_kind":"plain","optional":true},"custom_fields":{"type":["map","string"],"description_kind":"plain","optional":true},"entity_display_name":{"type":"string","description":"Contains summary of the alerted problem.","description_kind":"plain","optional":true},"message_type":{"type":"string","description":"Describes the behavior of the alert (CRITICAL, WARNING, INFO).","description_kind":"plain","optional":true},"monitoring_tool":{"type":"string","description":"The monitoring tool the state message is from.","description_kind":"plain","optional":true},"routing_key":{"type":"string","description":"A key used to map the alert to a team.","description_kind":"plain","optional":true},"send_resolved":{"type":"bool","description":"Whether to notify about resolved alerts.","description_kind":"plain","optional":true},"state_message":{"type":"string","description":"Contains long explanation of the alerted problem.","description_kind":"plain","optional":true}},"block_types":{"http_config":{"nesting_mode":"list","block":{"attributes":{"bearer_token":{"type":"string","description_kind":"plain","optional":true,"sensitive":true},"enable_http2":{"type":"bool","description":"Whether to enable HTTP2.","description_kind":"plain","optional":true},"follow_redirects":{"type":"bool","description":"Configure whether HTTP requests follow HTTP 3xx redirects.","description_kind":"plain","optional":true},"proxy_url":{"type":"string","description_kind":"plain","optional":true}},"block_types":{"authorization":{"nesting_mode":"list","block":{"attributes":{"credentials":{"type":"string","description":"Sets the credentials.","description_kind":"plain","optional":true,"sensitive":true},"type":{"type":"string","description":"Sets the authentication type.","description_kind":"plain","optional":true}},"description":"Set the `Authorization` header configuration.","description_kind":"plain"},"max_items":1},"basic_auth":{"nesting_mode":"list","block":{"attributes":{"password":{"type":"string","description_kind":"plain","optional":true,"sensitive":true},"username":{"type":"string","description_kind":"plain","optional":true}},"description":"Sets the `Authorization` header with the configured username and password.","description_kind":"plain"},"max_items":1},"oauth2":{"nesting_mode":"list","block":{"attributes":{"client_id":{"type":"string","description_kind":"plain","optional":true},"client_secret":{"type":"string","description_kind":"plain","optional":true,"sensitive":true},"endpoint_params":{"type":["map","string"],"description":"Parameters to append to the token URL.","description_kind":"plain","optional":true},"scopes":{"type":["list","string"],"description":"Scopes for the token request.","description_kind":"plain","optional":true},"token_url":{"type":"string","description":"The URL to fetch the token from.","description_kind":"plain","optional":true}},"block_types":{"tls_config":{"nesting_mode":"list","block":{"attributes":{"insecure_skip_verify":{"type":"bool","description":"Disable validation of the server certificate","description_kind":"plain","optional":true},"max_version":{"type":"string","description":"Maximum acceptable TLS version.","description_kind":"plain","optional":true},"min_version":{"type":"string","description":"Minimum acceptable TLS version","description_kind":"plain","optional":true},"server_name":{"type":"string","description":"ServerName extension to indicate the name of the server.","description_kind":"plain","optional":true}},"description":"Configures the TLS settings.","description_kind":"plain"},"max_items":1}},"description":"Set the OAuth 2.0 configuration.","description_kind":"plain"},"max_items":1},"tls_config":{"nesting_mode":"list","block":{"attributes":{"insecure_skip_verify":{"type":"bool","description":"Disable validation of the server certificate","description_kind":"plain","optional":true},"max_version":{"type":"string","description":"Maximum acceptable TLS version.","description_kind":"plain","optional":true},"min_version":{"type":"string","description":"Minimum acceptable TLS version","description_kind":"plain","optional":true},"server_name":{"type":"string","description":"ServerName extension to indicate the name of the server.","description_kind":"plain","optional":true}},"description":"Configures the TLS settings.","description_kind":"plain"},"max_items":1}},"description":"The HTTP client's configuration.","description_kind":"plain"},"max_items":1}},"description_kind":"plain"}},"webex_configs":{"nesting_mode":"list","block":{"attributes":{"api_url":{"type":"string","description":"The Webex Teams API URL.","description_kind":"plain","optional":true},"message":{"type":"string","description":"Message template.","description_kind":"plain","optional":true},"room_id":{"type":"string","description":"ID of the Webex Teams room where to send the messages.","description_kind":"plain","optional":true},"send_resolved":{"type":"bool","description":"Whether to notify about resolved alerts.","description_kind":"plain","optional":true}},"block_types":{"http_config":{"nesting_mode":"list","block":{"attributes":{"bearer_token":{"type":"string","description_kind":"plain","optional":true,"sensitive":true},"enable_http2":{"type":"bool","description":"Whether to enable HTTP2.","description_kind":"plain","optional":true},"follow_redirects":{"type":"bool","description":"Configure whether HTTP requests follow HTTP 3xx redirects.","description_kind":"plain","optional":true},"proxy_url":{"type":"string","description_kind":"plain","optional":true}},"block_types":{"authorization":{"nesting_mode":"list","block":{"attributes":{"credentials":{"type":"string","description":"Sets the credentials.","description_kind":"plain","optional":true,"sensitive":true},"type":{"type":"string","description":"Sets the authentication type.","description_kind":"plain","optional":true}},"description":"Set the `Authorization` header configuration.","description_kind":"plain"},"max_items":1},"basic_auth":{"nesting_mode":"list","block":{"attributes":{"password":{"type":"string","description_kind":"plain","optional":true,"sensitive":true},"username":{"type":"string","description_kind":"plain","optional":true}},"description":"Sets the `Authorization` header with the configured username and password.","description_kind":"plain"},"max_items":1},"oauth2":{"nesting_mode":"list","block":{"attributes":{"client_id":{"type":"string","description_kind":"plain","optional":true},"client_secret":{"type":"string","description_kind":"plain","optional":true,"sensitive":true},"endpoint_params":{"type":["map","string"],"description":"Parameters to append to the token URL.","description_kind":"plain","optional":true},"scopes":{"type":["list","string"],"description":"Scopes for the token request.","description_kind":"plain","optional":true},"token_url":{"type":"string","description":"The URL to fetch the token from.","description_kind":"plain","optional":true}},"block_types":{"tls_config":{"nesting_mode":"list","block":{"attributes":{"insecure_skip_verify":{"type":"bool","description":"Disable validation of the server certificate","description_kind":"plain","optional":true},"max_version":{"type":"string","description":"Maximum acceptable TLS version.","description_kind":"plain","optional":true},"min_version":{"type":"string","description":"Minimum acceptable TLS version","description_kind":"plain","optional":true},"server_name":{"type":"string","description":"ServerName extension to indicate the name of the server.","description_kind":"plain","optional":true}},"description":"Configures the TLS settings.","description_kind":"plain"},"max_items":1}},"description":"Set the OAuth 2.0 configuration.","description_kind":"plain"},"max_items":1},"tls_config":{"nesting_mode":"list","block":{"attributes":{"insecure_skip_verify":{"type":"bool","description":"Disable validation of the server certificate","description_kind":"plain","optional":true},"max_version":{"type":"string","description":"Maximum acceptable TLS version.","description_kind":"plain","optional":true},"min_version":{"type":"string","description":"Minimum acceptable TLS version","description_kind":"plain","optional":true},"server_name":{"type":"string","description":"ServerName extension to indicate the name of the server.","description_kind":"plain","optional":true}},"description":"Configures the TLS settings.","description_kind":"plain"},"max_items":1}},"description":"The HTTP client's configuration.","description_kind":"plain"},"max_items":1}},"description_kind":"plain"}},"webhook_configs":{"nesting_mode":"list","block":{"attributes":{"max_alerts":{"type":"number","description":"The maximum number of alerts to include in a single webhook message. Alerts above this threshold are truncated. When leaving this at its default value of 0, all alerts are included.","description_kind":"plain","optional":true},"send_resolved":{"type":"bool","description":"Whether to notify about resolved alerts.","description_kind":"plain","optional":true},"url":{"type":"string","description":"The endpoint to send HTTP POST requests to.","description_kind":"plain","optional":true}},"block_types":{"http_config":{"nesting_mode":"list","block":{"attributes":{"bearer_token":{"type":"string","description_kind":"plain","optional":true,"sensitive":true},"enable_http2":{"type":"bool","description":"Whether to enable HTTP2.","description_kind":"plain","optional":true},"follow_redirects":{"type":"bool","description":"Configure whether HTTP requests follow HTTP 3xx redirects.","description_kind":"plain","optional":true},"proxy_url":{"type":"string","description_kind":"plain","optional":true}},"block_types":{"authorization":{"nesting_mode":"list","block":{"attributes":{"credentials":{"type":"string","description":"Sets the credentials.","description_kind":"plain","optional":true,"sensitive":true},"type":{"type":"string","description":"Sets the authentication type.","description_kind":"plain","optional":true}},"description":"Set the `Authorization` header configuration.","description_kind":"plain"},"max_items":1},"basic_auth":{"nesting_mode":"list","block":{"attributes":{"password":{"type":"string","description_kind":"plain","optional":true,"sensitive":true},"username":{"type":"string","description_kind":"plain","optional":true}},"description":"Sets the `Authorization` header with the configured username and password.","description_kind":"plain"},"max_items":1},"oauth2":{"nesting_mode":"list","block":{"attributes":{"client_id":{"type":"string","description_kind":"plain","optional":true},"client_secret":{"type":"string","description_kind":"plain","optional":true,"sensitive":true},"endpoint_params":{"type":["map","string"],"description":"Parameters to append to the token URL.","description_kind":"plain","optional":true},"scopes":{"type":["list","string"],"description":"Scopes for the token request.","description_kind":"plain","optional":true},"token_url":{"type":"string","description":"The URL to fetch the token from.","description_kind":"plain","optional":true}},"block_types":{"tls_config":{"nesting_mode":"list","block":{"attributes":{"insecure_skip_verify":{"type":"bool","description":"Disable validation of the server certificate","description_kind":"plain","optional":true},"max_version":{"type":"string","description":"Maximum acceptable TLS version.","description_kind":"plain","optional":true},"min_version":{"type":"string","description":"Minimum acceptable TLS version","description_kind":"plain","optional":true},"server_name":{"type":"string","description":"ServerName extension to indicate the name of the server.","description_kind":"plain","optional":true}},"description":"Configures the TLS settings.","description_kind":"plain"},"max_items":1}},"description":"Set the OAuth 2.0 configuration.","description_kind":"plain"},"max_items":1},"tls_config":{"nesting_mode":"list","block":{"attributes":{"insecure_skip_verify":{"type":"bool","description":"Disable validation of the server certificate","description_kind":"plain","optional":true},"max_version":{"type":"string","description":"Maximum acceptable TLS version.","description_kind":"plain","optional":true},"min_version":{"type":"string","description":"Minimum acceptable TLS version","description_kind":"plain","optional":true},"server_name":{"type":"string","description":"ServerName extension to indicate the name of the server.","description_kind":"plain","optional":true}},"description":"Configures the TLS settings.","description_kind":"plain"},"max_items":1}},"description":"The HTTP client's configuration.","description_kind":"plain"},"max_items":1}},"description_kind":"plain"}},"wechat_configs":{"nesting_mode":"list","block":{"attributes":{"agent_id":{"type":"string","description_kind":"plain","optional":true},"api_secret":{"type":"string","description":"The API key to use when talking to the WeChat API.","description_kind":"plain","optional":true,"sensitive":true},"api_url":{"type":"string","description":"The WeChat API URL.","description_kind":"plain","optional":true},"corp_id":{"type":"string","description":"The corp id for authentication.","description_kind":"plain","optional":true},"message":{"type":"string","description":"API request data as defined by the WeChat API.","description_kind":"plain","optional":true},"message_type":{"type":"string","description":"Type of the message type, supported values are `text` and `markdown`.","description_kind":"plain","optional":true},"send_resolved":{"type":"bool","description":"Whether to notify about resolved alerts.","description_kind":"plain","optional":true},"to_party":{"type":"string","description_kind":"plain","optional":true},"to_tag":{"type":"string","description_kind":"plain","optional":true},"to_user":{"type":"string","description_kind":"plain","optional":true}},"block_types":{"http_config":{"nesting_mode":"list","block":{"attributes":{"bearer_token":{"type":"string","description_kind":"plain","optional":true,"sensitive":true},"enable_http2":{"type":"bool","description":"Whether to enable HTTP2.","description_kind":"plain","optional":true},"follow_redirects":{"type":"bool","description":"Configure whether HTTP requests follow HTTP 3xx redirects.","description_kind":"plain","optional":true},"proxy_url":{"type":"string","description_kind":"plain","optional":true}},"block_types":{"authorization":{"nesting_mode":"list","block":{"attributes":{"credentials":{"type":"string","description":"Sets the credentials.","description_kind":"plain","optional":true,"sensitive":true},"type":{"type":"string","description":"Sets the authentication type.","description_kind":"plain","optional":true}},"description":"Set the `Authorization` header configuration.","description_kind":"plain"},"max_items":1},"basic_auth":{"nesting_mode":"list","block":{"attributes":{"password":{"type":"string","description_kind":"plain","optional":true,"sensitive":true},"username":{"type":"string","description_kind":"plain","optional":true}},"description":"Sets the `Authorization` header with the configured username and password.","description_kind":"plain"},"max_items":1},"oauth2":{"nesting_mode":"list","block":{"attributes":{"client_id":{"type":"string","description_kind":"plain","optional":true},"client_secret":{"type":"string","description_kind":"plain","optional":true,"sensitive":true},"endpoint_params":{"type":["map","string"],"description":"Parameters to append to the token URL.","description_kind":"plain","optional":true},"scopes":{"type":["list","string"],"description":"Scopes for the token request.","description_kind":"plain","optional":true},"token_url":{"type":"string","description":"The URL to fetch the token from.","description_kind":"plain","optional":true}},"block_types":{"tls_config":{"nesting_mode":"list","block":{"attributes":{"insecure_skip_verify":{"type":"bool","description":"Disable validation of the server certificate","description_kind":"plain","optional":true},"max_version":{"type":"string","description":"Maximum acceptable TLS version.","description_kind":"plain","optional":true},"min_version":{"type":"string","description":"Minimum acceptable TLS version","description_kind":"plain","optional":true},"server_name":{"type":"string","description":"ServerName extension to indicate the name of the server.","description_kind":"plain","optional":true}},"description":"Configures the TLS settings.","description_kind":"plain"},"max_items":1}},"description":"Set the OAuth 2.0 configuration.","description_kind":"plain"},"max_items":1},"tls_config":{"nesting_mode":"list","block":{"attributes":{"insecure_skip_verify":{"type":"bool","description":"Disable validation of the server certificate","description_kind":"plain","optional":true},"max_version":{"type":"string","description":"Maximum acceptable TLS version.","description_kind":"plain","optional":true},"min_version":{"type":"string","description":"Minimum acceptable TLS version","description_kind":"plain","optional":true},"server_name":{"type":"string","description":"ServerName extension to indicate the name of the server.","description_kind":"plain","optional":true}},"description":"Configures the TLS settings.","description_kind":"plain"},"max_items":1}},"description":"The HTTP client's configuration.","description_kind":"plain"},"max_items":1}},"description_kind":"plain"}}},"description":"A list of notification receivers.","description_kind":"plain"},"min_items":1},"route":{"nesting_mode":"list","block":{"attributes":{"group_by":{"type":["list","string"],"description":"The labels by which incoming alerts are grouped together.","description_kind":"plain","optional":true},"group_interval":{"type":"string","description":"How long to wait before sending a notification about new alerts that are added to a group of alerts for which an initial notification has already been sent.","description_kind":"plain","required":true},"group_wait":{"type":"string","description":"How long to initially wait to send a notification for a group of alerts. Allows to wait for an inhibiting alert to arrive or collect more initial alerts for the same group.","description_kind":"plain","required":true},"receiver":{"type":"string","description":"Name of the receiver to send the notification.","description_kind":"plain","required":true},"repeat_interval":{"type":"string","description":"How long to wait before sending a notification again if it has already been sent successfully for an alert.","description_kind":"plain","required":true}},"block_types":{"child_route":{"nesting_mode":"list","block":{"attributes":{"active_time_intervals":{"type":["list","string"],"description":"Times when the route should be active. These must match the name of a mute time interval defined in the time_interval block.","description_kind":"plain","optional":true},"continue":{"type":"bool","description":"Whether an alert should continue matching subsequent sibling nodes.","description_kind":"plain","optional":true},"group_by":{"type":["list","string"],"description":"The labels by which incoming alerts are grouped together.","description_kind":"plain","optional":true},"group_interval":{"type":"string","description":"How long to wait before sending a notification about new alerts that are added to a group of alerts for which an initial notification has already been sent.","description_kind":"plain","optional":true},"group_wait":{"type":"string","description":"How long to initially wait to send a notification for a group of alerts. Allows to wait for an inhibiting alert to arrive or collect more initial alerts for the same group.","description_kind":"plain","optional":true},"matchers":{"type":["list","string"],"description":"A list of matchers that an alert has to fulfill to match the node.","description_kind":"plain","optional":true},"mute_time_intervals":{"type":["list","string"],"description":"Times when the route should be muted. These must match the name of a mute time interval defined in the time_interval block.","description_kind":"plain","optional":true},"receiver":{"type":"string","description":"Name of the receiver to send the notification.","description_kind":"plain","optional":true},"repeat_interval":{"type":"string","description":"How long to wait before sending a notification again if it has already been sent successfully for an alert.","description_kind":"plain","optional":true}},"block_types":{"child_route":{"nesting_mode":"list","block":{"attributes":{"active_time_intervals":{"type":["list","string"],"description":"Times when the route should be active. These must match the name of a mute time interval defined in the time_interval block.","description_kind":"plain","optional":true},"continue":{"type":"bool","description":"Whether an alert should continue matching subsequent sibling nodes.","description_kind":"plain","optional":true},"group_by":{"type":["list","string"],"description":"The labels by which incoming alerts are grouped together.","description_kind":"plain","optional":true},"group_interval":{"type":"string","description":"How long to wait before sending a notification about new alerts that are added to a group of alerts for which an initial notification has already been sent.","description_kind":"plain","optional":true},"group_wait":{"type":"string","description":"How long to initially wait to send a notification for a group of alerts. Allows to wait for an inhibiting alert to arrive or collect more initial alerts for the same group.","description_kind":"plain","optional":true},"matchers":{"type":["list","string"],"description":"A list of matchers that an alert has to fulfill to match the node.","description_kind":"plain","optional":true},"mute_time_intervals":{"type":["list","string"],"description":"Times when the route should be muted. These must match the name of a mute time interval defined in the time_interval block.","description_kind":"plain","optional":true},"receiver":{"type":"string","description":"Name of the receiver to send the notification.","description_kind":"plain","optional":true},"repeat_interval":{"type":"string","description":"How long to wait before sending a notification again if it has already been sent successfully for an alert.","description_kind":"plain","optional":true}},"block_types":{"child_route":{"nesting_mode":"list","block":{"attributes":{"active_time_intervals":{"type":["list","string"],"description":"Times when the route should be active. These must match the name of a mute time interval defined in the time_interval block.","description_kind":"plain","optional":true},"continue":{"type":"bool","description":"Whether an alert should continue matching subsequent sibling nodes.","description_kind":"plain","optional":true},"group_by":{"type":["list","string"],"description":"The labels by which incoming alerts are grouped together.","description_kind":"plain","optional":true},"group_interval":{"type":"string","description":"How long to wait before sending a notification about new alerts that are added to a group of alerts for which an initial notification has already been sent.","description_kind":"plain","optional":true},"group_wait":{"type":"string","description":"How long to initially wait to send a notification for a group of alerts. Allows to wait for an inhibiting alert to arrive or collect more initial alerts for the same group.","description_kind":"plain","optional":true},"matchers":{"type":["list","string"],"description":"A list of matchers that an alert has to fulfill to match the node.","description_kind":"plain","optional":true},"mute_time_intervals":{"type":["list","string"],"description":"Times when the route should be muted. These must match the name of a mute time interval defined in the time_interval block.","description_kind":"plain","optional":true},"receiver":{"type":"string","description":"Name of the receiver to send the notification.","description_kind":"plain","optional":true},"repeat_interval":{"type":"string","description":"How long to wait before sending a notification again if it has already been sent successfully for an alert.","description_kind":"plain","optional":true}},"description":"Although the `child_route` block is recursive, only 3 levels are supported by default. It could be defined by `MIMIR_ALERTMANAGER_CHILD_ROUTE_MAX_LEVEL` env var.","description_kind":"plain"}}},"description":"Although the `child_route` block is recursive, only 3 levels are supported by default. It could be defined by `MIMIR_ALERTMANAGER_CHILD_ROUTE_MAX_LEVEL` env var.","description_kind":"plain"}}},"description_kind":"plain"}}},"description":"The root node of the routing tree.","description_kind":"plain"},"min_items":1,"max_items":1},"time_interval":{"nesting_mode":"list","block":{"attributes":{"name":{"type":"string","description":"Name interval of time that may be referenced in the routing tree to mute/activate particular routes for particular times of the day.","description_kind":"plain","optional":true}},"block_types":{"time_intervals":{"nesting_mode":"list","block":{"attributes":{"location":{"type":"string","description":"A string that matches a location in the IANA time zone database.","description_kind":"plain","optional":true}},"block_types":{"days_of_month":{"nesting_mode":"list","block":{"attributes":{"begin":{"type":"number","description_kind":"plain","optional":true},"end":{"type":"number","description_kind":"plain","optional":true}},"description":"A list of numerical days in the month. Days begin at 1. Negative values are also accepted which begin at the end of the month.","description_kind":"plain"}},"months":{"nesting_mode":"list","block":{"attributes":{"begin":{"type":"number","description_kind":"plain","optional":true},"end":{"type":"number","description_kind":"plain","optional":true}},"description":"A list of calendar months identified by number, where January = 1.","description_kind":"plain"}},"times":{"nesting_mode":"list","block":{"attributes":{"end_time":{"type":"string","description":"End time in HH:MM format.","description_kind":"plain","optional":true},"start_time":{"type":"string","description":"Start time in HH:MM format.","description_kind":"plain","optional":true}},"description":"Ranges inclusive of the starting time and exclusive of the end time to make it easy to represent times that start/end on hour boundaries.","description_kind":"plain"}},"weekdays":{"nesting_mode":"list","block":{"attributes":{"begin":{"type":"number","description_kind":"plain","optional":true},"end":{"type":"number","description_kind":"plain","optional":true}},"description":"A list of numerical days of the week, where the week begins on Sunday (0) and ends on Saturday (6).","description_kind":"plain"}},"years":{"nesting_mode":"list","block":{"attributes":{"begin":{"type":"number","description_kind":"plain","optional":true},"end":{"type":"number","description_kind":"plain","optional":true}},"description":"A numerical list of years.","description_kind":"plain"}}},"description":"The actual definition for an interval of time.","description_kind":"plain"}}},"description":"A list of time intervals for muting/activating routes.","description_kind":"plain"}}},"description_kind":"plain"}},"mimir_rule_group_alerting":{"version":0,"block":{"attributes":{"id":{"type":"string","description_kind":"plain","optional":true,"computed":true},"interval":{"type":"string","description":"Alerting Rule group interval","description_kind":"plain","optional":true},"name":{"type":"string","description":"Alerting Rule group name","description_kind":"plain","required":true},"namespace":{"type":"string","description":"Alerting Rule group namespace","description_kind":"plain","optional":true},"org_id":{"type":"string","description":"The Organization ID. If not set, the Org ID defined in the provider block will be used.","description_kind":"plain","optional":true},"source_tenants":{"type":["list","string"],"description":"Allows aggregating data from multiple tenants while evaluating a rule group.","description_kind":"plain","optional":true}},"block_types":{"rule":{"nesting_mode":"list","block":{"attributes":{"alert":{"type":"string","description":"The name of the alert.","description_kind":"plain","required":true},"annotations":{"type":["map","string"],"description":"Annotations to add to each alert.","description_kind":"plain","optional":true},"expr":{"type":"string","description":"The PromQL expression to evaluate.","description_kind":"plain","required":true},"for":{"type":"string","description":"The duration for which the condition must be true before an alert fires.","description_kind":"plain","optional":true},"keep_firing_for":{"type":"string","description":"How long an alert will continue firing after the condition that triggered it has cleared.","description_kind":"plain","optional":true},"labels":{"type":["map","string"],"description":"Labels to add or overwrite for each alert.","description_kind":"plain","optional":true}},"description_kind":"plain"},"min_items":1}},"description_kind":"plain"}},"mimir_rule_group_recording":{"version":0,"block":{"attributes":{"evaluation_delay":{"type":"string","description":"**Deprecated** The duration by which to delay the execution of the recording rule.","description_kind":"plain","deprecated":true,"optional":true},"id":{"type":"string","description_kind":"plain","optional":true,"computed":true},"interval":{"type":"string","description":"Recording Rule group interval","description_kind":"plain","optional":true},"name":{"type":"string","description":"Recording Rule group name","description_kind":"plain","required":true},"namespace":{"type":"string","description":"Recording Rule group namespace","description_kind":"plain","optional":true},"org_id":{"type":"string","description":"The Organization ID. If not set, the Org ID defined in the provider block will be used.","description_kind":"plain","optional":true},"query_offset":{"type":"string","description":"The duration by which to delay the execution of the recording rule.","description_kind":"plain","optional":true},"source_tenants":{"type":["list","string"],"description":"Allows aggregating data from multiple tenants while evaluating a rule group.","description_kind":"plain","optional":true}},"block_types":{"rule":{"nesting_mode":"list","block":{"attributes":{"expr":{"type":"string","description":"The PromQL expression to evaluate.","description_kind":"plain","required":true},"labels":{"type":["map","string"],"description":"Labels to add or overwrite before storing the result.","description_kind":"plain","optional":true},"record":{"type":"string","description":"The name of the time series to output to.","description_kind":"plain","required":true}},"description_kind":"plain"},"min_items":1}},"description_kind":"plain"}},"mimir_rules":{"version":0,"block":{"attributes":{"content":{"type":"string","description":"YAML content containing rule groups. Mutually exclusive with 'content_file'.","description_kind":"plain","optional":true},"content_file":{"type":"string","description":"Path to YAML file containing rule groups. Mutually exclusive with 'content'.","description_kind":"plain","optional":true},"content_hash":{"type":"string","description":"Hash of the rule configuration content","description_kind":"plain","computed":true},"groups":{"type":["list",["object",{"alerting_rules_count":"number","interval":"string","name":"string","recording_rules_count":"number","rules_count":"number"}]],"description":"Details of all managed rule groups","description_kind":"plain","computed":true},"groups_count":{"type":"number","description":"Number of rule groups managed by this resource","description_kind":"plain","computed":true},"id":{"type":"string","description_kind":"plain","optional":true,"computed":true},"ignore_groups":{"type":["set","string"],"description":"List of rule group names to ignore from the content. Useful when you want to manage most groups but exclude specific ones.","description_kind":"plain","optional":true},"managed_groups":{"type":["list","string"],"description":"List of rule group names actually managed by this resource","description_kind":"plain","computed":true},"namespace":{"type":"string","description":"The namespace for the rule groups","description_kind":"plain","required":true},"only_groups":{"type":["set","string"],"description":"Explicit list of rule group names to manage. If not specified, all groups in the content will be managed. Use this to manage only specific groups from a larger YAML file.","description_kind":"plain","optional":true},"org_id":{"type":"string","description":"The Organization ID. If not set, the Org ID defined in the provider block will be used.","description_kind":"plain","optional":true},"rule_names":{"type":["list","string"],"description":"List of all rule names actually managed by this resource","description_kind":"plain","computed":true},"total_rules":{"type":"number","description":"Total number of rules across all managed groups","description_kind":"plain","computed":true}},"description":"Manages multiple Grafana Mimir rule groups within a namespace. \n\t\tThis resource is designed to handle YAML files containing multiple rule groups, \n\t\tsuch as those exported from mimirtool or monitoring mixins. Each rule group \n\t\tis managed individually via the Mimir API, but they are tracked together as \n\t\ta single Terraform resource for easier bulk management.","description_kind":"plain"}}},"data_source_schemas":{"mimir_alertmanager_config":{"version":0,"block":{"attributes":{"global":{"type":["list",["object",{"http_config":["list",["object",{"authorization":["list",["object",{"credentials":"string","type":"string"}]],"basic_auth":["list",["object",{"password":"string","username":"string"}]],"bearer_token":"string","enable_http2":"bool","follow_redirects":"bool","oauth2":["list",["object",{"client_id":"string","client_secret":"string","endpoint_params":["map","string"],"scopes":["list","string"],"tls_config":["list",["object",{"insecure_skip_verify":"bool","max_version":"string","min_version":"string","server_name":"string"}]],"token_url":"string"}]],"proxy_url":"string","tls_config":["list",["object",{"insecure_skip_verify":"bool","max_version":"string","min_version":"string","server_name":"string"}]]}]],"opsgenie_api_key":"string","opsgenie_api_url":"string","pagerduty_url":"string","resolve_timeout":"string","slack_api_url":"string","smtp_auth_identity":"string","smtp_auth_password":"string","smtp_auth_secret":"string","smtp_auth_username":"string","smtp_from":"string","smtp_hello":"string","smtp_require_tls":"bool","smtp_smarthost":"string","telegram_api_url":"string","victorops_api_key":"string","victorops_api_url":"string","webex_api_url":"string","wechat_api_corp_id":"string","wechat_api_secret":"string","wechat_api_url":"string"}]],"description_kind":"plain","computed":true},"id":{"type":"string","description_kind":"plain","optional":true,"computed":true},"inhibit_rule":{"type":["list",["object",{"equal":["list","string"],"source_matchers":["list","string"],"target_matchers":["list","string"]}]],"description":"Mutes an alert (target) matching a set of matchers when an alert (source) exists that matches another set of matchers.","description_kind":"plain","computed":true},"name":{"type":"string","description":"Name of the alertmanager configuration. Only used for resource dependency.","description_kind":"plain","optional":true},"org_id":{"type":"string","description":"The Organization ID. If not set, the Org ID defined in the provider block will be used.","description_kind":"plain","optional":true},"receiver":{"type":["list",["object",{"discord_configs":["list",["object",{"http_config":["list",["object",{"authorization":["list",["object",{"credentials":"string","type":"string"}]],"basic_auth":["list",["object",{"password":"string","username":"string"}]],"bearer_token":"string","enable_http2":"bool","follow_redirects":"bool","oauth2":["list",["object",{"client_id":"string","client_secret":"string","endpoint_params":["map","string"],"scopes":["list","string"],"tls_config":["list",["object",{"insecure_skip_verify":"bool","max_version":"string","min_version":"string","server_name":"string"}]],"token_url":"string"}]],"proxy_url":"string","tls_config":["list",["object",{"insecure_skip_verify":"bool","max_version":"string","min_version":"string","server_name":"string"}]]}]],"message":"string","send_resolved":"bool","title":"string","webhook_url":"string"}]],"email_configs":["list",["object",{"auth_identity":"string","auth_password":"string","auth_secret":"string","auth_username":"string","from":"string","headers":["map","string"],"hello":"string","html":"string","require_tls":"bool","send_resolved":"bool","smarthost":"string","text":"string","tls_config":["list",["object",{"insecure_skip_verify":"bool","max_version":"string","min_version":"string","server_name":"string"}]],"to":"string"}]],"msteams_configs":["list",["object",{"http_config":["list",["object",{"authorization":["list",["object",{"credentials":"string","type":"string"}]],"basic_auth":["list",["object",{"password":"string","username":"string"}]],"bearer_token":"string","enable_http2":"bool","follow_redirects":"bool","oauth2":["list",["object",{"client_id":"string","client_secret":"string","endpoint_params":["map","string"],"scopes":["list","string"],"tls_config":["list",["object",{"insecure_skip_verify":"bool","max_version":"string","min_version":"string","server_name":"string"}]],"token_url":"string"}]],"proxy_url":"string","tls_config":["list",["object",{"insecure_skip_verify":"bool","max_version":"string","min_version":"string","server_name":"string"}]]}]],"send_resolved":"bool","summary":"string","text":"string","title":"string","webhook_url":"string"}]],"name":"string","opsgenie_configs":["list",["object",{"actions":"string","api_key":"string","api_url":"string","description":"string","details":["map","string"],"entity":"string","http_config":["list",["object",{"authorization":["list",["object",{"credentials":"string","type":"string"}]],"basic_auth":["list",["object",{"password":"string","username":"string"}]],"bearer_token":"string","enable_http2":"bool","follow_redirects":"bool","oauth2":["list",["object",{"client_id":"string","client_secret":"string","endpoint_params":["map","string"],"scopes":["list","string"],"tls_config":["list",["object",{"insecure_skip_verify":"bool","max_version":"string","min_version":"string","server_name":"string"}]],"token_url":"string"}]],"proxy_url":"string","tls_config":["list",["object",{"insecure_skip_verify":"bool","max_version":"string","min_version":"string","server_name":"string"}]]}]],"message":"string","note":"string","priority":"string","responders":["list",["object",{"id":"string","name":"string","type":"string","username":"string"}]],"send_resolved":"bool","source":"string","tags":"string","update_alerts":"bool"}]],"pagerduty_configs":["list",["object",{"class":"string","client":"string","client_url":"string","component":"string","description":"string","details":["map","string"],"group":"string","http_config":["list",["object",{"authorization":["list",["object",{"credentials":"string","type":"string"}]],"basic_auth":["list",["object",{"password":"string","username":"string"}]],"bearer_token":"string","enable_http2":"bool","follow_redirects":"bool","oauth2":["list",["object",{"client_id":"string","client_secret":"string","endpoint_params":["map","string"],"scopes":["list","string"],"tls_config":["list",["object",{"insecure_skip_verify":"bool","max_version":"string","min_version":"string","server_name":"string"}]],"token_url":"string"}]],"proxy_url":"string","tls_config":["list",["object",{"insecure_skip_verify":"bool","max_version":"string","min_version":"string","server_name":"string"}]]}]],"images":["list",["object",{"alt":"string","href":"string","src":"string"}]],"links":["list",["object",{"href":"string","text":"string"}]],"routing_key":"string","send_resolved":"bool","service_key":"string","severity":"string","url":"string"}]],"pushover_configs":["list",["object",{"expire":"string","html":"bool","http_config":["list",["object",{"authorization":["list",["object",{"credentials":"string","type":"string"}]],"basic_auth":["list",["object",{"password":"string","username":"string"}]],"bearer_token":"string","enable_http2":"bool","follow_redirects":"bool","oauth2":["list",["object",{"client_id":"string","client_secret":"string","endpoint_params":["map","string"],"scopes":["list","string"],"tls_config":["list",["object",{"insecure_skip_verify":"bool","max_version":"string","min_version":"string","server_name":"string"}]],"token_url":"string"}]],"proxy_url":"string","tls_config":["list",["object",{"insecure_skip_verify":"bool","max_version":"string","min_version":"string","server_name":"string"}]]}]],"message":"string","priority":"string","retry":"string","send_resolved":"bool","sound":"string","title":"string","token":"string","url":"string","url_title":"string","user_key":"string"}]],"slack_configs":["list",["object",{"actions":["list",["object",{"confirm":["list",["object",{"dismiss_text":"string","ok_text":"string","text":"string","title":"string"}]],"name":"string","style":"string","text":"string","type":"string","url":"string","value":"string"}]],"api_url":"string","callback_id":"string","channel":"string","color":"string","fallback":"string","fields":["list",["object",{"short":"bool","title":"string","value":"string"}]],"footer":"string","http_config":["list",["object",{"authorization":["list",["object",{"credentials":"string","type":"string"}]],"basic_auth":["list",["object",{"password":"string","username":"string"}]],"bearer_token":"string","enable_http2":"bool","follow_redirects":"bool","oauth2":["list",["object",{"client_id":"string","client_secret":"string","endpoint_params":["map","string"],"scopes":["list","string"],"tls_config":["list",["object",{"insecure_skip_verify":"bool","max_version":"string","min_version":"string","server_name":"string"}]],"token_url":"string"}]],"proxy_url":"string","tls_config":["list",["object",{"insecure_skip_verify":"bool","max_version":"string","min_version":"string","server_name":"string"}]]}]],"icon_emoji":"string","icon_url":"string","image_url":"string","link_names":"bool","mrkdwn_in":["list","string"],"pretext":"string","send_resolved":"bool","short_fields":"bool","text":"string","thumb_url":"string","title":"string","title_link":"string","username":"string"}]],"sns_configs":["list",["object",{"api_url":"string","attributes":["map","string"],"http_config":["list",["object",{"authorization":["list",["object",{"credentials":"string","type":"string"}]],"basic_auth":["list",["object",{"password":"string","username":"string"}]],"bearer_token":"string","enable_http2":"bool","follow_redirects":"bool","oauth2":["list",["object",{"client_id":"string","client_secret":"string","endpoint_params":["map","string"],"scopes":["list","string"],"tls_config":["list",["object",{"insecure_skip_verify":"bool","max_version":"string","min_version":"string","server_name":"string"}]],"token_url":"string"}]],"proxy_url":"string","tls_config":["list",["object",{"insecure_skip_verify":"bool","max_version":"string","min_version":"string","server_name":"string"}]]}]],"message":"string","phone_number":"string","send_resolved":"bool","sigv4":["list",["object",{"access_key":"string","profile":"string","region":"string","role_arn":"string","secret_key":"string"}]],"subject":"string","target_arn":"string","topic_arn":"string"}]],"telegram_configs":["list",["object",{"api_url":"string","bot_token":"string","chat_id":"number","disable_notifications":"bool","http_config":["list",["object",{"authorization":["list",["object",{"credentials":"string","type":"string"}]],"basic_auth":["list",["object",{"password":"string","username":"string"}]],"bearer_token":"string","enable_http2":"bool","follow_redirects":"bool","oauth2":["list",["object",{"client_id":"string","client_secret":"string","endpoint_params":["map","string"],"scopes":["list","string"],"tls_config":["list",["object",{"insecure_skip_verify":"bool","max_version":"string","min_version":"string","server_name":"string"}]],"token_url":"string"}]],"proxy_url":"string","tls_config":["list",["object",{"insecure_skip_verify":"bool","max_version":"string","min_version":"string","server_name":"string"}]]}]],"message":"string","parse_mode":"string","send_resolved":"bool"}]],"victorops_configs":["list",["object",{"api_key":"string","api_url":"string","custom_fields":["map","string"],"entity_display_name":"string","http_config":["list",["object",{"authorization":["list",["object",{"credentials":"string","type":"string"}]],"basic_auth":["list",["object",{"password":"string","username":"string"}]],"bearer_token":"string","enable_http2":"bool","follow_redirects":"bool","oauth2":["list",["object",{"client_id":"string","client_secret":"string","endpoint_params":["map","string"],"scopes":["list","string"],"tls_config":["list",["object",{"insecure_skip_verify":"bool","max_version":"string","min_version":"string","server_name":"string"}]],"token_url":"string"}]],"proxy_url":"string","tls_config":["list",["object",{"insecure_skip_verify":"bool","max_version":"string","min_version":"string","server_name":"string"}]]}]],"message_type":"string","monitoring_tool":"string","routing_key":"string","send_resolved":"bool","state_message":"string"}]],"webex_configs":["list",["object",{"api_url":"string","http_config":["list",["object",{"authorization":["list",["object",{"credentials":"string","type":"string"}]],"basic_auth":["list",["object",{"password":"string","username":"string"}]],"bearer_token":"string","enable_http2":"bool","follow_redirects":"bool","oauth2":["list",["object",{"client_id":"string","client_secret":"string","endpoint_params":["map","string"],"scopes":["list","string"],"tls_config":["list",["object",{"insecure_skip_verify":"bool","max_version":"string","min_version":"string","server_name":"string"}]],"token_url":"string"}]],"proxy_url":"string","tls_config":["list",["object",{"insecure_skip_verify":"bool","max_version":"string","min_version":"string","server_name":"string"}]]}]],"message":"string","room_id":"string","send_resolved":"bool"}]],"webhook_configs":["list",["object",{"http_config":["list",["object",{"authorization":["list",["object",{"credentials":"string","type":"string"}]],"basic_auth":["list",["object",{"password":"string","username":"string"}]],"bearer_token":"string","enable_http2":"bool","follow_redirects":"bool","oauth2":["list",["object",{"client_id":"string","client_secret":"string","endpoint_params":["map","string"],"scopes":["list","string"],"tls_config":["list",["object",{"insecure_skip_verify":"bool","max_version":"string","min_version":"string","server_name":"string"}]],"token_url":"string"}]],"proxy_url":"string","tls_config":["list",["object",{"insecure_skip_verify":"bool","max_version":"string","min_version":"string","server_name":"string"}]]}]],"max_alerts":"number","send_resolved":"bool","url":"string"}]],"wechat_configs":["list",["object",{"agent_id":"string","api_secret":"string","api_url":"string","corp_id":"string","http_config":["list",["object",{"authorization":["list",["object",{"credentials":"string","type":"string"}]],"basic_auth":["list",["object",{"password":"string","username":"string"}]],"bearer_token":"string","enable_http2":"bool","follow_redirects":"bool","oauth2":["list",["object",{"client_id":"string","client_secret":"string","endpoint_params":["map","string"],"scopes":["list","string"],"tls_config":["list",["object",{"insecure_skip_verify":"bool","max_version":"string","min_version":"string","server_name":"string"}]],"token_url":"string"}]],"proxy_url":"string","tls_config":["list",["object",{"insecure_skip_verify":"bool","max_version":"string","min_version":"string","server_name":"string"}]]}]],"message":"string","message_type":"string","send_resolved":"bool","to_party":"string","to_tag":"string","to_user":"string"}]]}]],"description":"A list of notification receivers.","description_kind":"plain","computed":true},"route":{"type":["list",["object",{"child_route":["list",["object",{"active_time_intervals":["list","string"],"child_route":["list",["object",{"active_time_intervals":["list","string"],"child_route":["list",["object",{"active_time_intervals":["list","string"],"continue":"bool","group_by":["list","string"],"group_interval":"string","group_wait":"string","matchers":["list","string"],"mute_time_intervals":["list","string"],"receiver":"string","repeat_interval":"string"}]],"continue":"bool","group_by":["list","string"],"group_interval":"string","group_wait":"string","matchers":["list","string"],"mute_time_intervals":["list","string"],"receiver":"string","repeat_interval":"string"}]],"continue":"bool","group_by":["list","string"],"group_interval":"string","group_wait":"string","matchers":["list","string"],"mute_time_intervals":["list","string"],"receiver":"string","repeat_interval":"string"}]],"group_by":["list","string"],"group_interval":"string","group_wait":"string","receiver":"string","repeat_interval":"string"}]],"description":"The root node of the routing tree.","description_kind":"plain","computed":true},"templates":{"type":["list","string"],"description":"A list of template names to use.","description_kind":"plain","computed":true},"templates_files":{"type":["map","string"],"description":"A map of key values string, where the key is the template name and the value the content of the template.","description_kind":"plain","computed":true},"time_interval":{"type":["list",["object",{"name":"string","time_intervals":["list",["object",{"days_of_month":["list",["object",{"begin":"number","end":"number"}]],"location":"string","months":["list",["object",{"begin":"number","end":"number"}]],"times":["list",["object",{"end_minute":"number","start_minute":"number"}]],"weekdays":["list",["object",{"begin":"number","end":"number"}]],"years":["list",["object",{"begin":"number","end":"number"}]]}]]}]],"description":"A list of time intervals for muting/activating routes.","description_kind":"plain","computed":true}},"description_kind":"plain"}},"mimir_distributor_tenant_stats":{"version":0,"block":{"attributes":{"id":{"type":"string","description_kind":"plain","optional":true,"computed":true},"org_id":{"type":"string","description":"The Organization ID. If not set, the Org ID defined in the provider block will be used.","description_kind":"plain","optional":true},"stats":{"type":["list",["object",{"api_ingest_rate":"number","rule_ingest_rate":"number","series":"number","total_ingest_rate":"number","user":"string"}]],"description":"Stats list, does not account for replication factor","description_kind":"plain","computed":true},"user":{"type":"string","description":"Query specific user stats, if not specified, all users are returned","description_kind":"plain","optional":true}},"description_kind":"plain"}},"mimir_rule_group_alerting":{"version":0,"block":{"attributes":{"id":{"type":"string","description_kind":"plain","optional":true,"computed":true},"name":{"type":"string","description":"Alerting Rule group name","description_kind":"plain","required":true},"namespace":{"type":"string","description":"Alerting Rule group namespace","description_kind":"plain","optional":true},"org_id":{"type":"string","description":"The Organization ID. If not set, the Org ID defined in the provider block will be used.","description_kind":"plain","optional":true},"rule":{"type":["list",["object",{"alert":"string","annotations":["map","string"],"expr":"string","for":"string","labels":["map","string"]}]],"description_kind":"plain","computed":true},"source_tenants":{"type":["list","string"],"description":"Allows aggregating data from multiple tenants while evaluating a rule group.","description_kind":"plain","computed":true}},"description_kind":"plain"}},"mimir_rule_group_recording":{"version":0,"block":{"attributes":{"evaluation_delay":{"type":"string","description":"**Deprecated** The duration by which to delay the execution of the recording rule.","description_kind":"plain","deprecated":true,"computed":true},"id":{"type":"string","description_kind":"plain","optional":true,"computed":true},"interval":{"type":"string","description":"Recording Rule group interval","description_kind":"plain","computed":true},"name":{"type":"string","description":"Recording Rule group name","description_kind":"plain","required":true},"namespace":{"type":"string","description":"Recording Rule group namespace","description_kind":"plain","optional":true},"org_id":{"type":"string","description":"The Organization ID. If not set, the Org ID defined in the provider block will be used.","description_kind":"plain","optional":true},"query_offset":{"type":"string","description":"The duration by which to delay the execution of the recording rule.","description_kind":"plain","computed":true},"rule":{"type":["list",["object",{"expr":"string","labels":["map","string"],"record":"string"}]],"description_kind":"plain","computed":true},"source_tenants":{"type":["list","string"],"description":"Allows aggregating data from multiple tenants while evaluating a rule group.","description_kind":"plain","computed":true}},"description_kind":"plain"}}}}}}
